# generated by rye
# use `rye lock` or `rye sync` to update this lockfile
#
# last locked with the following flags:
#   pre: false
#   features: []
#   all-features: false
#   with-sources: false
#   generate-hashes: false
#   universal: false

-e file:.
anyio==4.6.2
    # via httpx
brotli==1.1.0
    # via httpx
certifi==2024.8.30
    # via httpcore
    # via httpx
ffmpeg-progress-yield==0.9.1
    # via phub
h11==0.14.0
    # via httpcore
httpcore==1.0.6
    # via httpx
httpx==0.27.2
    # via phub
idna==3.10
    # via anyio
    # via httpx
phub==4.7.2
    # via sarica
pyyaml==6.0.2
    # via sarica
sniffio==1.3.1
    # via anyio
    # via httpx
socksio==1.0.0
    # via httpx
